
Microsoft Visual Studio Solution File, Format Version 12.00
# Visual Studio Version 17
VisualStudioVersion = 17.7.34024.191
MinimumVisualStudioVersion = 10.0.40219.1
Project("{2150E333-8FDC-42A3-9474-1A3956D46DE8}") = "Homework_01", "Homework_01", "{6D0EC4D1-941D-4578-A811-B1D7D31A42AC}"
EndProject
Project("{9A19103F-16F7-4668-BE54-9A1E7A4F7556}") = "Task_1", "Homework_01\Task_1\Task_1.csproj", "{A728A824-327C-45ED-AD44-84F49B1C0F1F}"
EndProject
Project("{9A19103F-16F7-4668-BE54-9A1E7A4F7556}") = "Task_2", "Homework_01\Task_2\Task_2.csproj", "{7EA88F34-1589-45E9-921F-7A0566ABCD52}"
EndProject
Project("{2150E333-8FDC-42A3-9474-1A3956D46DE8}") = "Homework_02", "Homework_02", "{2E45FDCD-FF96-44A6-944F-7E5388DD46C4}"
EndProject
Project("{9A19103F-16F7-4668-BE54-9A1E7A4F7556}") = "Task_01", "Homework_02\Task_01\Task_01.csproj", "{2EC9EA0F-1EB9-41EA-88CF-D87BCBF77250}"
EndProject
Project("{9A19103F-16F7-4668-BE54-9A1E7A4F7556}") = "Task_02", "Homework_02\Task_02\Task_02.csproj", "{29C33018-C67A-4119-A101-4D2095339F1B}"
EndProject
Project("{9A19103F-16F7-4668-BE54-9A1E7A4F7556}") = "Task_03", "Homework_02\Task_03\Task_03.csproj", "{3595E4F6-364B-481A-95CC-0BE6EF9956B5}"
EndProject
Project("{9A19103F-16F7-4668-BE54-9A1E7A4F7556}") = "Task_04", "Homework_02\Task_04\Task_04.csproj", "{F2279555-0391-4339-ABD5-E16497309976}"
EndProject
Project("{9A19103F-16F7-4668-BE54-9A1E7A4F7556}") = "Task_05", "Homework_02\Task_05\Task_05.csproj", "{66855AFE-C605-4736-A13B-258C9A9BF6D2}"
EndProject
Project("{2150E333-8FDC-42A3-9474-1A3956D46DE8}") = "Homework_03", "Homework_03", "{475E993C-2BAA-49C0-99B3-BE3D24671A26}"
EndProject
Project("{9A19103F-16F7-4668-BE54-9A1E7A4F7556}") = "Task_01", "Homework_03\Task_01\Task_01.csproj", "{71DF19B7-E804-4C7C-B37B-9F1BAC34E17C}"
EndProject
Project("{9A19103F-16F7-4668-BE54-9A1E7A4F7556}") = "Task_03", "Homework_03\Task_03\Task_03.csproj", "{88B6AB11-9691-45CE-9AA5-E6DD23E3B028}"
EndProject
Project("{2150E333-8FDC-42A3-9474-1A3956D46DE8}") = "Homework_04", "Homework_04", "{DD6615F1-AA2A-4A82-B1C5-1193BFEB3F84}"
EndProject
Project("{9A19103F-16F7-4668-BE54-9A1E7A4F7556}") = "Task_01", "Homework_04\Task_01\Task_01.csproj", "{0578D710-E148-4326-9131-385F442A30B1}"
EndProject
Project("{9A19103F-16F7-4668-BE54-9A1E7A4F7556}") = "Task_02", "Homework_04\Task_02\Task_02.csproj", "{D066A2AE-DC2B-4061-A11A-2C546EFB6602}"
EndProject
Project("{2150E333-8FDC-42A3-9474-1A3956D46DE8}") = "Homework_05", "Homework_05", "{0EE0B575-9EE1-441B-80C1-5B50BA0CCE13}"
EndProject
Project("{9A19103F-16F7-4668-BE54-9A1E7A4F7556}") = "Task_01", "Homework_05\Task_01\Task_01.csproj", "{64BE3DC8-9976-47FC-A112-5578269FCBA3}"
EndProject
Project("{2150E333-8FDC-42A3-9474-1A3956D46DE8}") = "Homework_06", "Homework_06", "{D97C571A-D227-4475-AB60-5ADB4C0ED450}"
EndProject
Project("{9A19103F-16F7-4668-BE54-9A1E7A4F7556}") = "Task_01", "Homework_06\Task_01\Task_01.csproj", "{145F0BBA-AC1E-4534-9C4F-ED698F5B5858}"
EndProject
Project("{2150E333-8FDC-42A3-9474-1A3956D46DE8}") = "Homework_07", "Homework_07", "{F34582AD-CECA-43AB-A650-621DE3D4FC5C}"
EndProject
Project("{9A19103F-16F7-4668-BE54-9A1E7A4F7556}") = "Task_01", "Homework_07\Task_01\Task_01.csproj", "{626895D2-A411-4E34-B072-CFDC28987FF8}"
EndProject
Project("{FAE04EC0-301F-11D3-BF4B-00C04F79EFBC}") = "Task_02", "Homework_07\Task_02\Task_02.csproj", "{BE9895AE-AEDF-4A65-BA12-A7A54F8BA9BE}"
EndProject
Global
	GlobalSection(SolutionConfigurationPlatforms) = preSolution
		Debug|Any CPU = Debug|Any CPU
		Release|Any CPU = Release|Any CPU
	EndGlobalSection
	GlobalSection(ProjectConfigurationPlatforms) = postSolution
		{A728A824-327C-45ED-AD44-84F49B1C0F1F}.Debug|Any CPU.ActiveCfg = Debug|Any CPU
		{A728A824-327C-45ED-AD44-84F49B1C0F1F}.Debug|Any CPU.Build.0 = Debug|Any CPU
		{A728A824-327C-45ED-AD44-84F49B1C0F1F}.Release|Any CPU.ActiveCfg = Release|Any CPU
		{A728A824-327C-45ED-AD44-84F49B1C0F1F}.Release|Any CPU.Build.0 = Release|Any CPU
		{7EA88F34-1589-45E9-921F-7A0566ABCD52}.Debug|Any CPU.ActiveCfg = Debug|Any CPU
		{7EA88F34-1589-45E9-921F-7A0566ABCD52}.Debug|Any CPU.Build.0 = Debug|Any CPU
		{7EA88F34-1589-45E9-921F-7A0566ABCD52}.Release|Any CPU.ActiveCfg = Release|Any CPU
		{7EA88F34-1589-45E9-921F-7A0566ABCD52}.Release|Any CPU.Build.0 = Release|Any CPU
		{2EC9EA0F-1EB9-41EA-88CF-D87BCBF77250}.Debug|Any CPU.ActiveCfg = Debug|Any CPU
		{2EC9EA0F-1EB9-41EA-88CF-D87BCBF77250}.Debug|Any CPU.Build.0 = Debug|Any CPU
		{2EC9EA0F-1EB9-41EA-88CF-D87BCBF77250}.Release|Any CPU.ActiveCfg = Release|Any CPU
		{2EC9EA0F-1EB9-41EA-88CF-D87BCBF77250}.Release|Any CPU.Build.0 = Release|Any CPU
		{29C33018-C67A-4119-A101-4D2095339F1B}.Debug|Any CPU.ActiveCfg = Debug|Any CPU
		{29C33018-C67A-4119-A101-4D2095339F1B}.Debug|Any CPU.Build.0 = Debug|Any CPU
		{29C33018-C67A-4119-A101-4D2095339F1B}.Release|Any CPU.ActiveCfg = Release|Any CPU
		{29C33018-C67A-4119-A101-4D2095339F1B}.Release|Any CPU.Build.0 = Release|Any CPU
		{3595E4F6-364B-481A-95CC-0BE6EF9956B5}.Debug|Any CPU.ActiveCfg = Debug|Any CPU
		{3595E4F6-364B-481A-95CC-0BE6EF9956B5}.Debug|Any CPU.Build.0 = Debug|Any CPU
		{3595E4F6-364B-481A-95CC-0BE6EF9956B5}.Release|Any CPU.ActiveCfg = Release|Any CPU
		{3595E4F6-364B-481A-95CC-0BE6EF9956B5}.Release|Any CPU.Build.0 = Release|Any CPU
		{F2279555-0391-4339-ABD5-E16497309976}.Debug|Any CPU.ActiveCfg = Debug|Any CPU
		{F2279555-0391-4339-ABD5-E16497309976}.Debug|Any CPU.Build.0 = Debug|Any CPU
		{F2279555-0391-4339-ABD5-E16497309976}.Release|Any CPU.ActiveCfg = Release|Any CPU
		{F2279555-0391-4339-ABD5-E16497309976}.Release|Any CPU.Build.0 = Release|Any CPU
		{66855AFE-C605-4736-A13B-258C9A9BF6D2}.Debug|Any CPU.ActiveCfg = Debug|Any CPU
		{66855AFE-C605-4736-A13B-258C9A9BF6D2}.Debug|Any CPU.Build.0 = Debug|Any CPU
		{66855AFE-C605-4736-A13B-258C9A9BF6D2}.Release|Any CPU.ActiveCfg = Release|Any CPU
		{66855AFE-C605-4736-A13B-258C9A9BF6D2}.Release|Any CPU.Build.0 = Release|Any CPU
		{71DF19B7-E804-4C7C-B37B-9F1BAC34E17C}.Debug|Any CPU.ActiveCfg = Debug|Any CPU
		{71DF19B7-E804-4C7C-B37B-9F1BAC34E17C}.Debug|Any CPU.Build.0 = Debug|Any CPU
		{71DF19B7-E804-4C7C-B37B-9F1BAC34E17C}.Release|Any CPU.ActiveCfg = Release|Any CPU
		{71DF19B7-E804-4C7C-B37B-9F1BAC34E17C}.Release|Any CPU.Build.0 = Release|Any CPU
		{88B6AB11-9691-45CE-9AA5-E6DD23E3B028}.Debug|Any CPU.ActiveCfg = Debug|Any CPU
		{88B6AB11-9691-45CE-9AA5-E6DD23E3B028}.Debug|Any CPU.Build.0 = Debug|Any CPU
		{88B6AB11-9691-45CE-9AA5-E6DD23E3B028}.Release|Any CPU.ActiveCfg = Release|Any CPU
		{88B6AB11-9691-45CE-9AA5-E6DD23E3B028}.Release|Any CPU.Build.0 = Release|Any CPU
		{0578D710-E148-4326-9131-385F442A30B1}.Debug|Any CPU.ActiveCfg = Debug|Any CPU
		{0578D710-E148-4326-9131-385F442A30B1}.Debug|Any CPU.Build.0 = Debug|Any CPU
		{0578D710-E148-4326-9131-385F442A30B1}.Release|Any CPU.ActiveCfg = Release|Any CPU
		{0578D710-E148-4326-9131-385F442A30B1}.Release|Any CPU.Build.0 = Release|Any CPU
		{D066A2AE-DC2B-4061-A11A-2C546EFB6602}.Debug|Any CPU.ActiveCfg = Debug|Any CPU
		{D066A2AE-DC2B-4061-A11A-2C546EFB6602}.Debug|Any CPU.Build.0 = Debug|Any CPU
		{D066A2AE-DC2B-4061-A11A-2C546EFB6602}.Release|Any CPU.ActiveCfg = Release|Any CPU
		{D066A2AE-DC2B-4061-A11A-2C546EFB6602}.Release|Any CPU.Build.0 = Release|Any CPU
		{64BE3DC8-9976-47FC-A112-5578269FCBA3}.Debug|Any CPU.ActiveCfg = Debug|Any CPU
		{64BE3DC8-9976-47FC-A112-5578269FCBA3}.Debug|Any CPU.Build.0 = Debug|Any CPU
		{64BE3DC8-9976-47FC-A112-5578269FCBA3}.Release|Any CPU.ActiveCfg = Release|Any CPU
		{64BE3DC8-9976-47FC-A112-5578269FCBA3}.Release|Any CPU.Build.0 = Release|Any CPU
		{145F0BBA-AC1E-4534-9C4F-ED698F5B5858}.Debug|Any CPU.ActiveCfg = Debug|Any CPU
		{145F0BBA-AC1E-4534-9C4F-ED698F5B5858}.Debug|Any CPU.Build.0 = Debug|Any CPU
		{145F0BBA-AC1E-4534-9C4F-ED698F5B5858}.Release|Any CPU.ActiveCfg = Release|Any CPU
		{145F0BBA-AC1E-4534-9C4F-ED698F5B5858}.Release|Any CPU.Build.0 = Release|Any CPU
		{626895D2-A411-4E34-B072-CFDC28987FF8}.Debug|Any CPU.ActiveCfg = Debug|Any CPU
		{626895D2-A411-4E34-B072-CFDC28987FF8}.Debug|Any CPU.Build.0 = Debug|Any CPU
		{626895D2-A411-4E34-B072-CFDC28987FF8}.Release|Any CPU.ActiveCfg = Release|Any CPU
		{626895D2-A411-4E34-B072-CFDC28987FF8}.Release|Any CPU.Build.0 = Release|Any CPU
		{BE9895AE-AEDF-4A65-BA12-A7A54F8BA9BE}.Debug|Any CPU.ActiveCfg = Debug|Any CPU
		{BE9895AE-AEDF-4A65-BA12-A7A54F8BA9BE}.Debug|Any CPU.Build.0 = Debug|Any CPU
		{BE9895AE-AEDF-4A65-BA12-A7A54F8BA9BE}.Release|Any CPU.ActiveCfg = Release|Any CPU
		{BE9895AE-AEDF-4A65-BA12-A7A54F8BA9BE}.Release|Any CPU.Build.0 = Release|Any CPU
	EndGlobalSection
	GlobalSection(SolutionProperties) = preSolution
		HideSolutionNode = FALSE
	EndGlobalSection
	GlobalSection(NestedProjects) = preSolution
		{A728A824-327C-45ED-AD44-84F49B1C0F1F} = {6D0EC4D1-941D-4578-A811-B1D7D31A42AC}
		{7EA88F34-1589-45E9-921F-7A0566ABCD52} = {6D0EC4D1-941D-4578-A811-B1D7D31A42AC}
		{2EC9EA0F-1EB9-41EA-88CF-D87BCBF77250} = {2E45FDCD-FF96-44A6-944F-7E5388DD46C4}
		{29C33018-C67A-4119-A101-4D2095339F1B} = {2E45FDCD-FF96-44A6-944F-7E5388DD46C4}
		{3595E4F6-364B-481A-95CC-0BE6EF9956B5} = {2E45FDCD-FF96-44A6-944F-7E5388DD46C4}
		{F2279555-0391-4339-ABD5-E16497309976} = {2E45FDCD-FF96-44A6-944F-7E5388DD46C4}
		{66855AFE-C605-4736-A13B-258C9A9BF6D2} = {2E45FDCD-FF96-44A6-944F-7E5388DD46C4}
		{71DF19B7-E804-4C7C-B37B-9F1BAC34E17C} = {475E993C-2BAA-49C0-99B3-BE3D24671A26}
		{88B6AB11-9691-45CE-9AA5-E6DD23E3B028} = {475E993C-2BAA-49C0-99B3-BE3D24671A26}
		{0578D710-E148-4326-9131-385F442A30B1} = {DD6615F1-AA2A-4A82-B1C5-1193BFEB3F84}
		{D066A2AE-DC2B-4061-A11A-2C546EFB6602} = {DD6615F1-AA2A-4A82-B1C5-1193BFEB3F84}
		{64BE3DC8-9976-47FC-A112-5578269FCBA3} = {0EE0B575-9EE1-441B-80C1-5B50BA0CCE13}
		{145F0BBA-AC1E-4534-9C4F-ED698F5B5858} = {D97C571A-D227-4475-AB60-5ADB4C0ED450}
		{626895D2-A411-4E34-B072-CFDC28987FF8} = {F34582AD-CECA-43AB-A650-621DE3D4FC5C}
		{BE9895AE-AEDF-4A65-BA12-A7A54F8BA9BE} = {F34582AD-CECA-43AB-A650-621DE3D4FC5C}
	EndGlobalSection
	GlobalSection(ExtensibilityGlobals) = postSolution
		SolutionGuid = {7F60E55D-B530-4699-BC64-0D9723FCB7CF}
	EndGlobalSection
EndGlobal
