
Microsoft Visual Studio Solution File, Format Version 12.00
# Visual Studio Version 17
VisualStudioVersion = 17.7.34024.191
MinimumVisualStudioVersion = 10.0.40219.1
Project("{2150E333-8FDC-42A3-9474-1A3956D46DE8}") = "Homework_01", "Homework_01", "{6D0EC4D1-941D-4578-A811-B1D7D31A42AC}"
EndProject
Project("{2150E333-8FDC-42A3-9474-1A3956D46DE8}") = "Homework_02", "Homework_02", "{1380B108-232A-4D8B-B7BB-47A3253344A7}"
EndProject
Project("{FAE04EC0-301F-11D3-BF4B-00C04F79EFBC}") = "Task_2", "Task_2\Task_2.csproj", "{7EA88F34-1589-45E9-921F-7A0566ABCD52}"
EndProject
Project("{FAE04EC0-301F-11D3-BF4B-00C04F79EFBC}") = "Task_1", "Task_1\Task_1.csproj", "{A728A824-327C-45ED-AD44-84F49B1C0F1F}"
EndProject
Global
	GlobalSection(SolutionConfigurationPlatforms) = preSolution
		Debug|Any CPU = Debug|Any CPU
		Release|Any CPU = Release|Any CPU
	EndGlobalSection
	GlobalSection(ProjectConfigurationPlatforms) = postSolution
		{7EA88F34-1589-45E9-921F-7A0566ABCD52}.Debug|Any CPU.ActiveCfg = Debug|Any CPU
		{7EA88F34-1589-45E9-921F-7A0566ABCD52}.Debug|Any CPU.Build.0 = Debug|Any CPU
		{7EA88F34-1589-45E9-921F-7A0566ABCD52}.Release|Any CPU.ActiveCfg = Release|Any CPU
		{7EA88F34-1589-45E9-921F-7A0566ABCD52}.Release|Any CPU.Build.0 = Release|Any CPU
		{A728A824-327C-45ED-AD44-84F49B1C0F1F}.Debug|Any CPU.ActiveCfg = Debug|Any CPU
		{A728A824-327C-45ED-AD44-84F49B1C0F1F}.Debug|Any CPU.Build.0 = Debug|Any CPU
		{A728A824-327C-45ED-AD44-84F49B1C0F1F}.Release|Any CPU.ActiveCfg = Release|Any CPU
		{A728A824-327C-45ED-AD44-84F49B1C0F1F}.Release|Any CPU.Build.0 = Release|Any CPU
	EndGlobalSection
	GlobalSection(SolutionProperties) = preSolution
		HideSolutionNode = FALSE
	EndGlobalSection
	GlobalSection(NestedProjects) = preSolution
		{7EA88F34-1589-45E9-921F-7A0566ABCD52} = {6D0EC4D1-941D-4578-A811-B1D7D31A42AC}
		{A728A824-327C-45ED-AD44-84F49B1C0F1F} = {6D0EC4D1-941D-4578-A811-B1D7D31A42AC}
	EndGlobalSection
	GlobalSection(ExtensibilityGlobals) = postSolution
		SolutionGuid = {7F60E55D-B530-4699-BC64-0D9723FCB7CF}
	EndGlobalSection
EndGlobal
